// !$*UTF8*$!
{
	archiveVersion = 1;
	classes = {
	};
	objectVersion = 46;
	objects = {

/* Begin PBXBuildFile section */
		73B20BEC1AA5FF0800A9C88F /* BaseHomeViewController.m in Sources */ = {isa = PBXBuildFile; fileRef = 73B20BEB1AA5FF0800A9C88F /* BaseHomeViewController.m */; };
		B3BCCFD31AA5C36C00261212 /* main.m in Sources */ = {isa = PBXBuildFile; fileRef = B3BCCFD21AA5C36C00261212 /* main.m */; };
		B3BCCFD61AA5C36C00261212 /* AppDelegate.m in Sources */ = {isa = PBXBuildFile; fileRef = B3BCCFD51AA5C36C00261212 /* AppDelegate.m */; };
		B3BCCFDC1AA5C36C00261212 /* Main.storyboard in Resources */ = {isa = PBXBuildFile; fileRef = B3BCCFDA1AA5C36C00261212 /* Main.storyboard */; };
		B3BCCFDE1AA5C36C00261212 /* Images.xcassets in Resources */ = {isa = PBXBuildFile; fileRef = B3BCCFDD1AA5C36C00261212 /* Images.xcassets */; };
		B3BCCFE11AA5C36C00261212 /* LaunchScreen.xib in Resources */ = {isa = PBXBuildFile; fileRef = B3BCCFDF1AA5C36C00261212 /* LaunchScreen.xib */; };
		B3BCCFED1AA5C36C00261212 /* WireframeTests.m in Sources */ = {isa = PBXBuildFile; fileRef = B3BCCFEC1AA5C36C00261212 /* WireframeTests.m */; };
		B3BCCFF81AA5C4CB00261212 /* GTWalsheim Light.otf in Resources */ = {isa = PBXBuildFile; fileRef = B3BCCFF61AA5C4CB00261212 /* GTWalsheim Light.otf */; };
		B3BCCFF91AA5C4CB00261212 /* GTWalsheim Regular.otf in Resources */ = {isa = PBXBuildFile; fileRef = B3BCCFF71AA5C4CB00261212 /* GTWalsheim Regular.otf */; };
		B3BCCFFD1AA5C85B00261212 /* HomeViewController.m in Sources */ = {isa = PBXBuildFile; fileRef = B3BCCFFC1AA5C85B00261212 /* HomeViewController.m */; };
/* End PBXBuildFile section */

/* Begin PBXContainerItemProxy section */
		B3BCCFE71AA5C36C00261212 /* PBXContainerItemProxy */ = {
			isa = PBXContainerItemProxy;
			containerPortal = B3BCCFC51AA5C36C00261212 /* Project object */;
			proxyType = 1;
			remoteGlobalIDString = B3BCCFCC1AA5C36C00261212;
			remoteInfo = Wireframe;
		};
/* End PBXContainerItemProxy section */

/* Begin PBXFileReference section */
		73B20BEA1AA5FF0800A9C88F /* BaseHomeViewController.h */ = {isa = PBXFileReference; fileEncoding = 4; lastKnownFileType = sourcecode.c.h; path = BaseHomeViewController.h; sourceTree = "<group>"; };
		73B20BEB1AA5FF0800A9C88F /* BaseHomeViewController.m */ = {isa = PBXFileReference; fileEncoding = 4; lastKnownFileType = sourcecode.c.objc; path = BaseHomeViewController.m; sourceTree = "<group>"; };
		B3BCCFCD1AA5C36C00261212 /* Wireframe.app */ = {isa = PBXFileReference; explicitFileType = wrapper.application; includeInIndex = 0; path = Wireframe.app; sourceTree = BUILT_PRODUCTS_DIR; };
		B3BCCFD11AA5C36C00261212 /* Info.plist */ = {isa = PBXFileReference; lastKnownFileType = text.plist.xml; path = Info.plist; sourceTree = "<group>"; };
		B3BCCFD21AA5C36C00261212 /* main.m */ = {isa = PBXFileReference; lastKnownFileType = sourcecode.c.objc; path = main.m; sourceTree = "<group>"; };
		B3BCCFD41AA5C36C00261212 /* AppDelegate.h */ = {isa = PBXFileReference; lastKnownFileType = sourcecode.c.h; path = AppDelegate.h; sourceTree = "<group>"; };
		B3BCCFD51AA5C36C00261212 /* AppDelegate.m */ = {isa = PBXFileReference; lastKnownFileType = sourcecode.c.objc; path = AppDelegate.m; sourceTree = "<group>"; };
		B3BCCFDB1AA5C36C00261212 /* Base */ = {isa = PBXFileReference; lastKnownFileType = file.storyboard; name = Base; path = Base.lproj/Main.storyboard; sourceTree = "<group>"; };
		B3BCCFDD1AA5C36C00261212 /* Images.xcassets */ = {isa = PBXFileReference; lastKnownFileType = folder.assetcatalog; path = Images.xcassets; sourceTree = "<group>"; };
		B3BCCFE01AA5C36C00261212 /* Base */ = {isa = PBXFileReference; lastKnownFileType = file.xib; name = Base; path = Base.lproj/LaunchScreen.xib; sourceTree = "<group>"; };
		B3BCCFE61AA5C36C00261212 /* WireframeTests.xctest */ = {isa = PBXFileReference; explicitFileType = wrapper.cfbundle; includeInIndex = 0; path = WireframeTests.xctest; sourceTree = BUILT_PRODUCTS_DIR; };
		B3BCCFEB1AA5C36C00261212 /* Info.plist */ = {isa = PBXFileReference; lastKnownFileType = text.plist.xml; path = Info.plist; sourceTree = "<group>"; };
		B3BCCFEC1AA5C36C00261212 /* WireframeTests.m */ = {isa = PBXFileReference; lastKnownFileType = sourcecode.c.objc; path = WireframeTests.m; sourceTree = "<group>"; };
		B3BCCFF61AA5C4CB00261212 /* GTWalsheim Light.otf */ = {isa = PBXFileReference; lastKnownFileType = file; path = "GTWalsheim Light.otf"; sourceTree = "<group>"; };
		B3BCCFF71AA5C4CB00261212 /* GTWalsheim Regular.otf */ = {isa = PBXFileReference; lastKnownFileType = file; path = "GTWalsheim Regular.otf"; sourceTree = "<group>"; };
		B3BCCFFB1AA5C85B00261212 /* HomeViewController.h */ = {isa = PBXFileReference; fileEncoding = 4; lastKnownFileType = sourcecode.c.h; path = HomeViewController.h; sourceTree = "<group>"; };
		B3BCCFFC1AA5C85B00261212 /* HomeViewController.m */ = {isa = PBXFileReference; fileEncoding = 4; lastKnownFileType = sourcecode.c.objc; path = HomeViewController.m; sourceTree = "<group>"; };
/* End PBXFileReference section */

/* Begin PBXFrameworksBuildPhase section */
		B3BCCFCA1AA5C36C00261212 /* Frameworks */ = {
			isa = PBXFrameworksBuildPhase;
			buildActionMask = 2147483647;
			files = (
			);
			runOnlyForDeploymentPostprocessing = 0;
		};
		B3BCCFE31AA5C36C00261212 /* Frameworks */ = {
			isa = PBXFrameworksBuildPhase;
			buildActionMask = 2147483647;
			files = (
			);
			runOnlyForDeploymentPostprocessing = 0;
		};
/* End PBXFrameworksBuildPhase section */

/* Begin PBXGroup section */
		B3BCCFC41AA5C36C00261212 = {
			isa = PBXGroup;
			children = (
				B3BCCFCF1AA5C36C00261212 /* Wireframe */,
				B3BCCFE91AA5C36C00261212 /* WireframeTests */,
				B3BCCFCE1AA5C36C00261212 /* Products */,
			);
			sourceTree = "<group>";
		};
		B3BCCFCE1AA5C36C00261212 /* Products */ = {
			isa = PBXGroup;
			children = (
				B3BCCFCD1AA5C36C00261212 /* Wireframe.app */,
				B3BCCFE61AA5C36C00261212 /* WireframeTests.xctest */,
			);
			name = Products;
			sourceTree = "<group>";
		};
		B3BCCFCF1AA5C36C00261212 /* Wireframe */ = {
			isa = PBXGroup;
			children = (
				B3BCCFFA1AA5C84B00261212 /* Controllers */,
				B3BCCFF61AA5C4CB00261212 /* GTWalsheim Light.otf */,
				B3BCCFF71AA5C4CB00261212 /* GTWalsheim Regular.otf */,
				B3BCCFD41AA5C36C00261212 /* AppDelegate.h */,
				B3BCCFD51AA5C36C00261212 /* AppDelegate.m */,
				B3BCCFDA1AA5C36C00261212 /* Main.storyboard */,
				B3BCCFDD1AA5C36C00261212 /* Images.xcassets */,
				B3BCCFDF1AA5C36C00261212 /* LaunchScreen.xib */,
				B3BCCFD01AA5C36C00261212 /* Supporting Files */,
			);
			path = Wireframe;
			sourceTree = "<group>";
		};
		B3BCCFD01AA5C36C00261212 /* Supporting Files */ = {
			isa = PBXGroup;
			children = (
				B3BCCFD11AA5C36C00261212 /* Info.plist */,
				B3BCCFD21AA5C36C00261212 /* main.m */,
			);
			name = "Supporting Files";
			sourceTree = "<group>";
		};
		B3BCCFE91AA5C36C00261212 /* WireframeTests */ = {
			isa = PBXGroup;
			children = (
				B3BCCFEC1AA5C36C00261212 /* WireframeTests.m */,
				B3BCCFEA1AA5C36C00261212 /* Supporting Files */,
			);
			path = WireframeTests;
			sourceTree = "<group>";
		};
		B3BCCFEA1AA5C36C00261212 /* Supporting Files */ = {
			isa = PBXGroup;
			children = (
				B3BCCFEB1AA5C36C00261212 /* Info.plist */,
			);
			name = "Supporting Files";
			sourceTree = "<group>";
		};
		B3BCCFFA1AA5C84B00261212 /* Controllers */ = {
			isa = PBXGroup;
			children = (
				B3BCCFFB1AA5C85B00261212 /* HomeViewController.h */,
				B3BCCFFC1AA5C85B00261212 /* HomeViewController.m */,
				73B20BEA1AA5FF0800A9C88F /* BaseHomeViewController.h */,
				73B20BEB1AA5FF0800A9C88F /* BaseHomeViewController.m */,
			);
			name = Controllers;
			sourceTree = "<group>";
		};
/* End PBXGroup section */

/* Begin PBXNativeTarget section */
		B3BCCFCC1AA5C36C00261212 /* Wireframe */ = {
			isa = PBXNativeTarget;
			buildConfigurationList = B3BCCFF01AA5C36C00261212 /* Build configuration list for PBXNativeTarget "Wireframe" */;
			buildPhases = (
				B3BCCFC91AA5C36C00261212 /* Sources */,
				B3BCCFCA1AA5C36C00261212 /* Frameworks */,
				B3BCCFCB1AA5C36C00261212 /* Resources */,
			);
			buildRules = (
			);
			dependencies = (
			);
			name = Wireframe;
			productName = Wireframe;
			productReference = B3BCCFCD1AA5C36C00261212 /* Wireframe.app */;
			productType = "com.apple.product-type.application";
		};
		B3BCCFE51AA5C36C00261212 /* WireframeTests */ = {
			isa = PBXNativeTarget;
			buildConfigurationList = B3BCCFF31AA5C36C00261212 /* Build configuration list for PBXNativeTarget "WireframeTests" */;
			buildPhases = (
				B3BCCFE21AA5C36C00261212 /* Sources */,
				B3BCCFE31AA5C36C00261212 /* Frameworks */,
				B3BCCFE41AA5C36C00261212 /* Resources */,
			);
			buildRules = (
			);
			dependencies = (
				B3BCCFE81AA5C36C00261212 /* PBXTargetDependency */,
			);
			name = WireframeTests;
			productName = WireframeTests;
			productReference = B3BCCFE61AA5C36C00261212 /* WireframeTests.xctest */;
			productType = "com.apple.product-type.bundle.unit-test";
		};
/* End PBXNativeTarget section */

/* Begin PBXProject section */
		B3BCCFC51AA5C36C00261212 /* Project object */ = {
			isa = PBXProject;
			attributes = {
				LastUpgradeCheck = 0610;
				ORGANIZATIONNAME = "Syrup Apps";
				TargetAttributes = {
					B3BCCFCC1AA5C36C00261212 = {
						CreatedOnToolsVersion = 6.1.1;
					};
					B3BCCFE51AA5C36C00261212 = {
						CreatedOnToolsVersion = 6.1.1;
						TestTargetID = B3BCCFCC1AA5C36C00261212;
					};
				};
			};
			buildConfigurationList = B3BCCFC81AA5C36C00261212 /* Build configuration list for PBXProject "Wireframe" */;
			compatibilityVersion = "Xcode 3.2";
			developmentRegion = English;
			hasScannedForEncodings = 0;
			knownRegions = (
				en,
				Base,
			);
			mainGroup = B3BCCFC41AA5C36C00261212;
			productRefGroup = B3BCCFCE1AA5C36C00261212 /* Products */;
			projectDirPath = "";
			projectRoot = "";
			targets = (
				B3BCCFCC1AA5C36C00261212 /* Wireframe */,
				B3BCCFE51AA5C36C00261212 /* WireframeTests */,
			);
		};
/* End PBXProject section */

/* Begin PBXResourcesBuildPhase section */
		B3BCCFCB1AA5C36C00261212 /* Resources */ = {
			isa = PBXResourcesBuildPhase;
			buildActionMask = 2147483647;
			files = (
				B3BCCFF81AA5C4CB00261212 /* GTWalsheim Light.otf in Resources */,
				B3BCCFF91AA5C4CB00261212 /* GTWalsheim Regular.otf in Resources */,
				B3BCCFDC1AA5C36C00261212 /* Main.storyboard in Resources */,
				B3BCCFE11AA5C36C00261212 /* LaunchScreen.xib in Resources */,
				B3BCCFDE1AA5C36C00261212 /* Images.xcassets in Resources */,
			);
			runOnlyForDeploymentPostprocessing = 0;
		};
		B3BCCFE41AA5C36C00261212 /* Resources */ = {
			isa = PBXResourcesBuildPhase;
			buildActionMask = 2147483647;
			files = (
			);
			runOnlyForDeploymentPostprocessing = 0;
		};
/* End PBXResourcesBuildPhase section */

/* Begin PBXSourcesBuildPhase section */
		B3BCCFC91AA5C36C00261212 /* Sources */ = {
			isa = PBXSourcesBuildPhase;
			buildActionMask = 2147483647;
			files = (
				B3BCCFD61AA5C36C00261212 /* AppDelegate.m in Sources */,
				B3BCCFD31AA5C36C00261212 /* main.m in Sources */,
				73B20BEC1AA5FF0800A9C88F /* BaseHomeViewController.m in Sources */,
				B3BCCFFD1AA5C85B00261212 /* HomeViewController.m in Sources */,
			);
			runOnlyForDeploymentPostprocessing = 0;
		};
		B3BCCFE21AA5C36C00261212 /* Sources */ = {
			isa = PBXSourcesBuildPhase;
			buildActionMask = 2147483647;
			files = (
				B3BCCFED1AA5C36C00261212 /* WireframeTests.m in Sources */,
			);
			runOnlyForDeploymentPostprocessing = 0;
		};
/* End PBXSourcesBuildPhase section */

/* Begin PBXTargetDependency section */
		B3BCCFE81AA5C36C00261212 /* PBXTargetDependency */ = {
			isa = PBXTargetDependency;
			target = B3BCCFCC1AA5C36C00261212 /* Wireframe */;
			targetProxy = B3BCCFE71AA5C36C00261212 /* PBXContainerItemProxy */;
		};
/* End PBXTargetDependency section */

/* Begin PBXVariantGroup section */
		B3BCCFDA1AA5C36C00261212 /* Main.storyboard */ = {
			isa = PBXVariantGroup;
			children = (
				B3BCCFDB1AA5C36C00261212 /* Base */,
			);
			name = Main.storyboard;
			sourceTree = "<group>";
		};
		B3BCCFDF1AA5C36C00261212 /* LaunchScreen.xib */ = {
			isa = PBXVariantGroup;
			children = (
				B3BCCFE01AA5C36C00261212 /* Base */,
			);
			name = LaunchScreen.xib;
			sourceTree = "<group>";
		};
/* End PBXVariantGroup section */

/* Begin XCBuildConfiguration section */
		B3BCCFEE1AA5C36C00261212 /* Debug */ = {
			isa = XCBuildConfiguration;
			buildSettings = {
				ALWAYS_SEARCH_USER_PATHS = NO;
				CLANG_CXX_LANGUAGE_STANDARD = "gnu++0x";
				CLANG_CXX_LIBRARY = "libc++";
				CLANG_ENABLE_MODULES = YES;
				CLANG_ENABLE_OBJC_ARC = YES;
				CLANG_WARN_BOOL_CONVERSION = YES;
				CLANG_WARN_CONSTANT_CONVERSION = YES;
				CLANG_WARN_DIRECT_OBJC_ISA_USAGE = YES_ERROR;
				CLANG_WARN_EMPTY_BODY = YES;
				CLANG_WARN_ENUM_CONVERSION = YES;
				CLANG_WARN_INT_CONVERSION = YES;
				CLANG_WARN_OBJC_ROOT_CLASS = YES_ERROR;
				CLANG_WARN_UNREACHABLE_CODE = YES;
				CLANG_WARN__DUPLICATE_METHOD_MATCH = YES;
				"CODE_SIGN_IDENTITY[sdk=iphoneos*]" = "iPhone Developer";
				COPY_PHASE_STRIP = NO;
				ENABLE_STRICT_OBJC_MSGSEND = YES;
				GCC_C_LANGUAGE_STANDARD = gnu99;
				GCC_DYNAMIC_NO_PIC = NO;
				GCC_OPTIMIZATION_LEVEL = 0;
				GCC_PREPROCESSOR_DEFINITIONS = (
					"DEBUG=1",
					"$(inherited)",
				);
				GCC_SYMBOLS_PRIVATE_EXTERN = NO;
				GCC_WARN_64_TO_32_BIT_CONVERSION = YES;
				GCC_WARN_ABOUT_RETURN_TYPE = YES_ERROR;
				GCC_WARN_UNDECLARED_SELECTOR = YES;
				GCC_WARN_UNINITIALIZED_AUTOS = YES_AGGRESSIVE;
				GCC_WARN_UNUSED_FUNCTION = YES;
				GCC_WARN_UNUSED_VARIABLE = YES;
				IPHONEOS_DEPLOYMENT_TARGET = 8.1;
				MTL_ENABLE_DEBUG_INFO = YES;
				ONLY_ACTIVE_ARCH = YES;
				SDKROOT = iphoneos;
			};
			name = Debug;
		};
		B3BCCFEF1AA5C36C00261212 /* Release */ = {
			isa = XCBuildConfiguration;
			buildSettings = {
				ALWAYS_SEARCH_USER_PATHS = NO;
				CLANG_CXX_LANGUAGE_STANDARD = "gnu++0x";
				CLANG_CXX_LIBRARY = "libc++";
				CLANG_ENABLE_MODULES = YES;
				CLANG_ENABLE_OBJC_ARC = YES;
				CLANG_WARN_BOOL_CONVERSION = YES;
				CLANG_WARN_CONSTANT_CONVERSION = YES;
				CLANG_WARN_DIRECT_OBJC_ISA_USAGE = YES_ERROR;
				CLANG_WARN_EMPTY_BODY = YES;
				CLANG_WARN_ENUM_CONVERSION = YES;
				CLANG_WARN_INT_CONVERSION = YES;
				CLANG_WARN_OBJC_ROOT_CLASS = YES_ERROR;
				CLANG_WARN_UNREACHABLE_CODE = YES;
				CLANG_WARN__DUPLICATE_METHOD_MATCH = YES;
				"CODE_SIGN_IDENTITY[sdk=iphoneos*]" = "iPhone Developer";
				COPY_PHASE_STRIP = YES;
				ENABLE_NS_ASSERTIONS = NO;
				ENABLE_STRICT_OBJC_MSGSEND = YES;
				GCC_C_LANGUAGE_STANDARD = gnu99;
				GCC_WARN_64_TO_32_BIT_CONVERSION = YES;
				GCC_WARN_ABOUT_RETURN_TYPE = YES_ERROR;
				GCC_WARN_UNDECLARED_SELECTOR = YES;
				GCC_WARN_UNINITIALIZED_AUTOS = YES_AGGRESSIVE;
				GCC_WARN_UNUSED_FUNCTION = YES;
				GCC_WARN_UNUSED_VARIABLE = YES;
				IPHONEOS_DEPLOYMENT_TARGET = 8.1;
				MTL_ENABLE_DEBUG_INFO = NO;
				SDKROOT = iphoneos;
				VALIDATE_PRODUCT = YES;
			};
			name = Release;
		};
		B3BCCFF11AA5C36C00261212 /* Debug */ = {
			isa = XCBuildConfiguration;
			buildSettings = {
				ASSETCATALOG_COMPILER_APPICON_NAME = AppIcon;
				INFOPLIST_FILE = Wireframe/Info.plist;
				LD_RUNPATH_SEARCH_PATHS = "$(inherited) @executable_path/Frameworks";
				PRODUCT_NAME = "$(TARGET_NAME)";
			};
			name = Debug;
		};
		B3BCCFF21AA5C36C00261212 /* Release */ = {
			isa = XCBuildConfiguration;
			buildSettings = {
				ASSETCATALOG_COMPILER_APPICON_NAME = AppIcon;
				INFOPLIST_FILE = Wireframe/Info.plist;
				LD_RUNPATH_SEARCH_PATHS = "$(inherited) @executable_path/Frameworks";
				PRODUCT_NAME = "$(TARGET_NAME)";
			};
			name = Release;
		};
		B3BCCFF41AA5C36C00261212 /* Debug */ = {
			isa = XCBuildConfiguration;
			buildSettings = {
				BUNDLE_LOADER = "$(TEST_HOST)";
				FRAMEWORK_SEARCH_PATHS = (
					"$(SDKROOT)/Developer/Library/Frameworks",
					"$(inherited)",
				);
				GCC_PREPROCESSOR_DEFINITIONS = (
					"DEBUG=1",
					"$(inherited)",
				);
				INFOPLIST_FILE = WireframeTests/Info.plist;
				LD_RUNPATH_SEARCH_PATHS = "$(inherited) @executable_path/Frameworks @loader_path/Frameworks";
				PRODUCT_NAME = "$(TARGET_NAME)";
				TEST_HOST = "$(BUILT_PRODUCTS_DIR)/Wireframe.app/Wireframe";
			};
			name = Debug;
		};
		B3BCCFF51AA5C36C00261212 /* Release */ = {
			isa = XCBuildConfiguration;
			buildSettings = {
				BUNDLE_LOADER = "$(TEST_HOST)";
				FRAMEWORK_SEARCH_PATHS = (
					"$(SDKROOT)/Developer/Library/Frameworks",
					"$(inherited)",
				);
				INFOPLIST_FILE = WireframeTests/Info.plist;
				LD_RUNPATH_SEARCH_PATHS = "$(inherited) @executable_path/Frameworks @loader_path/Frameworks";
				PRODUCT_NAME = "$(TARGET_NAME)";
				TEST_HOST = "$(BUILT_PRODUCTS_DIR)/Wireframe.app/Wireframe";
			};
			name = Release;
		};
/* End XCBuildConfiguration section */

/* Begin XCConfigurationList section */
		B3BCCFC81AA5C36C00261212 /* Build configuration list for PBXProject "Wireframe" */ = {
			isa = XCConfigurationList;
			buildConfigurations = (
				B3BCCFEE1AA5C36C00261212 /* Debug */,
				B3BCCFEF1AA5C36C00261212 /* Release */,
			);
			defaultConfigurationIsVisible = 0;
			defaultConfigurationName = Release;
		};
		B3BCCFF01AA5C36C00261212 /* Build configuration list for PBXNativeTarget "Wireframe" */ = {
			isa = XCConfigurationList;
			buildConfigurations = (
				B3BCCFF11AA5C36C00261212 /* Debug */,
				B3BCCFF21AA5C36C00261212 /* Release */,
			);
			defaultConfigurationIsVisible = 0;
			defaultConfigurationName = Release;
		};
		B3BCCFF31AA5C36C00261212 /* Build configuration list for PBXNativeTarget "WireframeTests" */ = {
			isa = XCConfigurationList;
			buildConfigurations = (
				B3BCCFF41AA5C36C00261212 /* Debug */,
				B3BCCFF51AA5C36C00261212 /* Release */,
			);
			defaultConfigurationIsVisible = 0;
			defaultConfigurationName = Release;
		};
/* End XCConfigurationList section */
	};
	rootObject = B3BCCFC51AA5C36C00261212 /* Project object */;
}
